
Microsoft Visual Studio Solution File, Format Version 12.00
# Visual Studio Version 17
VisualStudioVersion = 17.9.34728.123
MinimumVisualStudioVersion = 10.0.40219.1
Project("{FAE04EC0-301F-11D3-BF4B-00C04F79EFBC}") = "xadrex-console", "xadrex-console\xadrex-console.csproj", "{963C47DD-5658-4232-8870-0EB0CB32B0CE}"
EndProject
Global
	GlobalSection(SolutionConfigurationPlatforms) = preSolution
		Debug|Any CPU = Debug|Any CPU
		Release|Any CPU = Release|Any CPU
	EndGlobalSection
	GlobalSection(ProjectConfigurationPlatforms) = postSolution
		{963C47DD-5658-4232-8870-0EB0CB32B0CE}.Debug|Any CPU.ActiveCfg = Debug|Any CPU
		{963C47DD-5658-4232-8870-0EB0CB32B0CE}.Debug|Any CPU.Build.0 = Debug|Any CPU
		{963C47DD-5658-4232-8870-0EB0CB32B0CE}.Release|Any CPU.ActiveCfg = Release|Any CPU
		{963C47DD-5658-4232-8870-0EB0CB32B0CE}.Release|Any CPU.Build.0 = Release|Any CPU
	EndGlobalSection
	GlobalSection(SolutionProperties) = preSolution
		HideSolutionNode = FALSE
	EndGlobalSection
	GlobalSection(ExtensibilityGlobals) = postSolution
		SolutionGuid = {CB876520-8712-420D-B488-F14BF026CA1E}
	EndGlobalSection
EndGlobal
